dependencies:
- name: mysql
  repository: https://kubernetes-charts.storage.googleapis.com
  version: 1.4.0
- name: postgresql
  repository: https://charts.bitnami.com/bitnami
  version: 8.10.14
digest: sha256:48bcb4b72784513e8c79a3c30ec61f077bd75b8b9fe04c95e44e0d95dc621520
generated: "2020-07-22T00:23:11.633300834-04:00"
